Microsoft Visual Studio Solution File, Format Version 12.00
# Visual Studio 2012
Project("{FAE04EC0-301F-11D3-BF4B-00C04F79EFBC}") = "Game", "Game.csproj", "{835811DD-E5BE-4894-A11F-728EF8787EBC}"
EndProject
Global
	GlobalSection(SolutionConfigurationPlatforms) = preSolution
	Debug|Any CPU = Debug|Any CPU
	ExportDebug|Any CPU = ExportDebug|Any CPU
	ExportRelease|Any CPU = ExportRelease|Any CPU
	EndGlobalSection
	GlobalSection(ProjectConfigurationPlatforms) = postSolution
		{835811DD-E5BE-4894-A11F-728EF8787EBC}.Debug|Any CPU.ActiveCfg = Debug|Any CPU
		{835811DD-E5BE-4894-A11F-728EF8787EBC}.Debug|Any CPU.Build.0 = Debug|Any CPU
		{835811DD-E5BE-4894-A11F-728EF8787EBC}.ExportDebug|Any CPU.ActiveCfg = ExportDebug|Any CPU
		{835811DD-E5BE-4894-A11F-728EF8787EBC}.ExportDebug|Any CPU.Build.0 = ExportDebug|Any CPU
		{835811DD-E5BE-4894-A11F-728EF8787EBC}.ExportRelease|Any CPU.ActiveCfg = ExportRelease|Any CPU
		{835811DD-E5BE-4894-A11F-728EF8787EBC}.ExportRelease|Any CPU.Build.0 = ExportRelease|Any CPU
	EndGlobalSection
EndGlobal
